// !$*UTF8*$!
{
	archiveVersion = 1;
	classes = {
	};
	objectVersion = 51;
	objects = {

/* Begin PBXBuildFile section */
		045B4BB725BC1D05007F0882 /* DetailTableViewController.swift in Sources */ = {isa = PBXBuildFile; fileRef = 045B4BB625BC1D05007F0882 /* DetailTableViewController.swift */; };
		046A308E25B586D700967497 /* ListTableViewController.swift in Sources */ = {isa = PBXBuildFile; fileRef = 046A308D25B586D700967497 /* ListTableViewController.swift */; };
		046A309525B5941900967497 /* ListTableViewCell.swift in Sources */ = {isa = PBXBuildFile; fileRef = 046A309325B5941900967497 /* ListTableViewCell.swift */; };
		046A309625B5941900967497 /* ListTableViewCell.xib in Resources */ = {isa = PBXBuildFile; fileRef = 046A309425B5941900967497 /* ListTableViewCell.xib */; };
		046A309B25B6D6BA00967497 /* SignUpViewController.swift in Sources */ = {isa = PBXBuildFile; fileRef = 046A309A25B6D6BA00967497 /* SignUpViewController.swift */; };
		046A309E25B6D6CF00967497 /* LoginViewController.swift in Sources */ = {isa = PBXBuildFile; fileRef = 046A309D25B6D6CF00967497 /* LoginViewController.swift */; };
		046A30A125B6D6F800967497 /* ResetPasswordViewController.swift in Sources */ = {isa = PBXBuildFile; fileRef = 046A30A025B6D6F800967497 /* ResetPasswordViewController.swift */; };
		046A30A425B6DBDB00967497 /* GoogleService-Info.plist in Resources */ = {isa = PBXBuildFile; fileRef = 046A30A325B6DBDB00967497 /* GoogleService-Info.plist */; };
		046A30C125BADFE200967497 /* ListRecord.swift in Sources */ = {isa = PBXBuildFile; fileRef = 046A30C025BADFE200967497 /* ListRecord.swift */; };
		04D4F70025B0417A0028B716 /* AppDelegate.swift in Sources */ = {isa = PBXBuildFile; fileRef = 04D4F6FF25B0417A0028B716 /* AppDelegate.swift */; };
		04D4F70225B0417A0028B716 /* SceneDelegate.swift in Sources */ = {isa = PBXBuildFile; fileRef = 04D4F70125B0417A0028B716 /* SceneDelegate.swift */; };
		04D4F70725B0417A0028B716 /* Main.storyboard in Resources */ = {isa = PBXBuildFile; fileRef = 04D4F70525B0417A0028B716 /* Main.storyboard */; };
		04D4F70925B0417C0028B716 /* Assets.xcassets in Resources */ = {isa = PBXBuildFile; fileRef = 04D4F70825B0417C0028B716 /* Assets.xcassets */; };
		04D4F70C25B0417C0028B716 /* LaunchScreen.storyboard in Resources */ = {isa = PBXBuildFile; fileRef = 04D4F70A25B0417C0028B716 /* LaunchScreen.storyboard */; };
		1CDEAB2DCE92EA1CC97249C6 /* Pods_toDoList.framework in Frameworks */ = {isa = PBXBuildFile; fileRef = 9FEEC31D5D2988D8ABF90283 /* Pods_toDoList.framework */; };
/* End PBXBuildFile section */

/* Begin PBXFileReference section */
		045B4BB625BC1D05007F0882 /* DetailTableViewController.swift */ = {isa = PBXFileReference; lastKnownFileType = sourcecode.swift; path = DetailTableViewController.swift; sourceTree = "<group>"; };
		046A308D25B586D700967497 /* ListTableViewController.swift */ = {isa = PBXFileReference; lastKnownFileType = sourcecode.swift; path = ListTableViewController.swift; sourceTree = "<group>"; };
		046A309325B5941900967497 /* ListTableViewCell.swift */ = {isa = PBXFileReference; lastKnownFileType = sourcecode.swift; path = ListTableViewCell.swift; sourceTree = "<group>"; };
		046A309425B5941900967497 /* ListTableViewCell.xib */ = {isa = PBXFileReference; lastKnownFileType = file.xib; path = ListTableViewCell.xib; sourceTree = "<group>"; };
		046A309A25B6D6BA00967497 /* SignUpViewController.swift */ = {isa = PBXFileReference; lastKnownFileType = sourcecode.swift; path = SignUpViewController.swift; sourceTree = "<group>"; };
		046A309D25B6D6CF00967497 /* LoginViewController.swift */ = {isa = PBXFileReference; lastKnownFileType = sourcecode.swift; path = LoginViewController.swift; sourceTree = "<group>"; };
		046A30A025B6D6F800967497 /* ResetPasswordViewController.swift */ = {isa = PBXFileReference; lastKnownFileType = sourcecode.swift; path = ResetPasswordViewController.swift; sourceTree = "<group>"; };
		046A30A325B6DBDB00967497 /* GoogleService-Info.plist */ = {isa = PBXFileReference; fileEncoding = 4; lastKnownFileType = text.plist.xml; path = "GoogleService-Info.plist"; sourceTree = "<group>"; };
		046A30C025BADFE200967497 /* ListRecord.swift */ = {isa = PBXFileReference; lastKnownFileType = sourcecode.swift; path = ListRecord.swift; sourceTree = "<group>"; };
		04D4F6FC25B0417A0028B716 /* toDoList.app */ = {isa = PBXFileReference; explicitFileType = wrapper.application; includeInIndex = 0; path = toDoList.app; sourceTree = BUILT_PRODUCTS_DIR; };
		04D4F6FF25B0417A0028B716 /* AppDelegate.swift */ = {isa = PBXFileReference; lastKnownFileType = sourcecode.swift; path = AppDelegate.swift; sourceTree = "<group>"; };
		04D4F70125B0417A0028B716 /* SceneDelegate.swift */ = {isa = PBXFileReference; lastKnownFileType = sourcecode.swift; path = SceneDelegate.swift; sourceTree = "<group>"; };
		04D4F70625B0417A0028B716 /* Base */ = {isa = PBXFileReference; lastKnownFileType = file.storyboard; name = Base; path = Base.lproj/Main.storyboard; sourceTree = "<group>"; };
		04D4F70825B0417C0028B716 /* Assets.xcassets */ = {isa = PBXFileReference; lastKnownFileType = folder.assetcatalog; path = Assets.xcassets; sourceTree = "<group>"; };
		04D4F70B25B0417C0028B716 /* Base */ = {isa = PBXFileReference; lastKnownFileType = file.storyboard; name = Base; path = Base.lproj/LaunchScreen.storyboard; sourceTree = "<group>"; };
		04D4F70D25B0417C0028B716 /* Info.plist */ = {isa = PBXFileReference; lastKnownFileType = text.plist.xml; path = Info.plist; sourceTree = "<group>"; };
		2080A653A05F2438FBBC6D2B /* Pods-toDoList.release.xcconfig */ = {isa = PBXFileReference; includeInIndex = 1; lastKnownFileType = text.xcconfig; name = "Pods-toDoList.release.xcconfig"; path = "Target Support Files/Pods-toDoList/Pods-toDoList.release.xcconfig"; sourceTree = "<group>"; };
		9FEEC31D5D2988D8ABF90283 /* Pods_toDoList.framework */ = {isa = PBXFileReference; explicitFileType = wrapper.framework; includeInIndex = 0; path = Pods_toDoList.framework; sourceTree = BUILT_PRODUCTS_DIR; };
		CC8E91B57A9EEF59C0471F35 /* Pods-toDoList.debug.xcconfig */ = {isa = PBXFileReference; includeInIndex = 1; lastKnownFileType = text.xcconfig; name = "Pods-toDoList.debug.xcconfig"; path = "Target Support Files/Pods-toDoList/Pods-toDoList.debug.xcconfig"; sourceTree = "<group>"; };
/* End PBXFileReference section */

/* Begin PBXFrameworksBuildPhase section */
		04D4F6F925B0417A0028B716 /* Frameworks */ = {
			isa = PBXFrameworksBuildPhase;
			buildActionMask = 2147483647;
			files = (
				1CDEAB2DCE92EA1CC97249C6 /* Pods_toDoList.framework in Frameworks */,
			);
			runOnlyForDeploymentPostprocessing = 0;
		};
/* End PBXFrameworksBuildPhase section */

/* Begin PBXGroup section */
		047E2EF525C0609400D9C6AA /* Controller */ = {
			isa = PBXGroup;
			children = (
				046A309D25B6D6CF00967497 /* LoginViewController.swift */,
				046A309A25B6D6BA00967497 /* SignUpViewController.swift */,
				046A30A025B6D6F800967497 /* ResetPasswordViewController.swift */,
				046A308D25B586D700967497 /* ListTableViewController.swift */,
				045B4BB625BC1D05007F0882 /* DetailTableViewController.swift */,
			);
			path = Controller;
			sourceTree = "<group>";
		};
		047E2EF625C060F900D9C6AA /* Model */ = {
			isa = PBXGroup;
			children = (
				046A30C025BADFE200967497 /* ListRecord.swift */,
			);
			path = Model;
			sourceTree = "<group>";
		};
		047E2EF725C0616600D9C6AA /* View */ = {
			isa = PBXGroup;
			children = (
				046A309325B5941900967497 /* ListTableViewCell.swift */,
				046A309425B5941900967497 /* ListTableViewCell.xib */,
			);
			path = View;
			sourceTree = "<group>";
		};
		04D4F6F325B0417A0028B716 = {
			isa = PBXGroup;
			children = (
				04D4F6FE25B0417A0028B716 /* toDoList */,
				04D4F6FD25B0417A0028B716 /* Products */,
				A5F880160386B5CC3E80F8D7 /* Pods */,
				203F1AFDB1D461AC6C642B81 /* Frameworks */,
			);
			sourceTree = "<group>";
		};
		04D4F6FD25B0417A0028B716 /* Products */ = {
			isa = PBXGroup;
			children = (
				04D4F6FC25B0417A0028B716 /* toDoList.app */,
			);
			name = Products;
			sourceTree = "<group>";
		};
		04D4F6FE25B0417A0028B716 /* toDoList */ = {
			isa = PBXGroup;
			children = (
				047E2EF625C060F900D9C6AA /* Model */,
				047E2EF725C0616600D9C6AA /* View */,
				047E2EF525C0609400D9C6AA /* Controller */,
				04D4F6FF25B0417A0028B716 /* AppDelegate.swift */,
				04D4F70125B0417A0028B716 /* SceneDelegate.swift */,
				04D4F70525B0417A0028B716 /* Main.storyboard */,
				04D4F70825B0417C0028B716 /* Assets.xcassets */,
				04D4F70A25B0417C0028B716 /* LaunchScreen.storyboard */,
				04D4F70D25B0417C0028B716 /* Info.plist */,
				046A30A325B6DBDB00967497 /* GoogleService-Info.plist */,
			);
			path = toDoList;
			sourceTree = "<group>";
		};
		203F1AFDB1D461AC6C642B81 /* Frameworks */ = {
			isa = PBXGroup;
			children = (
				9FEEC31D5D2988D8ABF90283 /* Pods_toDoList.framework */,
			);
			name = Frameworks;
			sourceTree = "<group>";
		};
		A5F880160386B5CC3E80F8D7 /* Pods */ = {
			isa = PBXGroup;
			children = (
				CC8E91B57A9EEF59C0471F35 /* Pods-toDoList.debug.xcconfig */,
				2080A653A05F2438FBBC6D2B /* Pods-toDoList.release.xcconfig */,
			);
			path = Pods;
			sourceTree = "<group>";
		};
/* End PBXGroup section */

/* Begin PBXNativeTarget section */
		04D4F6FB25B0417A0028B716 /* toDoList */ = {
			isa = PBXNativeTarget;
			buildConfigurationList = 04D4F71025B0417C0028B716 /* Build configuration list for PBXNativeTarget "toDoList" */;
			buildPhases = (
				4919DB3AD1F3B23419801EE5 /* [CP] Check Pods Manifest.lock */,
				04D4F6F825B0417A0028B716 /* Sources */,
				04D4F6F925B0417A0028B716 /* Frameworks */,
				04D4F6FA25B0417A0028B716 /* Resources */,
				8843A181A5896CA0C9E1E541 /* [CP] Embed Pods Frameworks */,
			);
			buildRules = (
			);
			dependencies = (
			);
			name = toDoList;
			productName = toDoList;
			productReference = 04D4F6FC25B0417A0028B716 /* toDoList.app */;
			productType = "com.apple.product-type.application";
		};
/* End PBXNativeTarget section */

/* Begin PBXProject section */
		04D4F6F425B0417A0028B716 /* Project object */ = {
			isa = PBXProject;
			attributes = {
				LastSwiftUpdateCheck = 1210;
				LastUpgradeCheck = 1210;
				TargetAttributes = {
					04D4F6FB25B0417A0028B716 = {
						CreatedOnToolsVersion = 12.1;
					};
				};
			};
			buildConfigurationList = 04D4F6F725B0417A0028B716 /* Build configuration list for PBXProject "toDoList" */;
			compatibilityVersion = "Xcode 9.3";
			developmentRegion = en;
			hasScannedForEncodings = 0;
			knownRegions = (
				en,
				Base,
			);
			mainGroup = 04D4F6F325B0417A0028B716;
			productRefGroup = 04D4F6FD25B0417A0028B716 /* Products */;
			projectDirPath = "";
			projectRoot = "";
			targets = (
				04D4F6FB25B0417A0028B716 /* toDoList */,
			);
		};
/* End PBXProject section */

/* Begin PBXResourcesBuildPhase section */
		04D4F6FA25B0417A0028B716 /* Resources */ = {
			isa = PBXResourcesBuildPhase;
			buildActionMask = 2147483647;
			files = (
				04D4F70C25B0417C0028B716 /* LaunchScreen.storyboard in Resources */,
				046A309625B5941900967497 /* ListTableViewCell.xib in Resources */,
				046A30A425B6DBDB00967497 /* GoogleService-Info.plist in Resources */,
				04D4F70925B0417C0028B716 /* Assets.xcassets in Resources */,
				04D4F70725B0417A0028B716 /* Main.storyboard in Resources */,
			);
			runOnlyForDeploymentPostprocessing = 0;
		};
/* End PBXResourcesBuildPhase section */

/* Begin PBXShellScriptBuildPhase section */
		4919DB3AD1F3B23419801EE5 /* [CP] Check Pods Manifest.lock */ = {
			isa = PBXShellScriptBuildPhase;
			buildActionMask = 2147483647;
			files = (
			);
			inputFileListPaths = (
			);
			inputPaths = (
				"${PODS_PODFILE_DIR_PATH}/Podfile.lock",
				"${PODS_ROOT}/Manifest.lock",
			);
			name = "[CP] Check Pods Manifest.lock";
			outputFileListPaths = (
			);
			outputPaths = (
				"$(DERIVED_FILE_DIR)/Pods-toDoList-checkManifestLockResult.txt",
			);
			runOnlyForDeploymentPostprocessing = 0;
			shellPath = /bin/sh;
			shellScript = "diff \"${PODS_PODFILE_DIR_PATH}/Podfile.lock\" \"${PODS_ROOT}/Manifest.lock\" > /dev/null\nif [ $? != 0 ] ; then\n    # print error to STDERR\n    echo \"error: The sandbox is not in sync with the Podfile.lock. Run 'pod install' or update your CocoaPods installation.\" >&2\n    exit 1\nfi\n# This output is used by Xcode 'outputs' to avoid re-running this script phase.\necho \"SUCCESS\" > \"${SCRIPT_OUTPUT_FILE_0}\"\n";
			showEnvVarsInLog = 0;
		};
		8843A181A5896CA0C9E1E541 /* [CP] Embed Pods Frameworks */ = {
			isa = PBXShellScriptBuildPhase;
			buildActionMask = 2147483647;
			files = (
			);
			inputFileListPaths = (
				"${PODS_ROOT}/Target Support Files/Pods-toDoList/Pods-toDoList-frameworks-${CONFIGURATION}-input-files.xcfilelist",
			);
			name = "[CP] Embed Pods Frameworks";
			outputFileListPaths = (
				"${PODS_ROOT}/Target Support Files/Pods-toDoList/Pods-toDoList-frameworks-${CONFIGURATION}-output-files.xcfilelist",
			);
			runOnlyForDeploymentPostprocessing = 0;
			shellPath = /bin/sh;
			shellScript = "\"${PODS_ROOT}/Target Support Files/Pods-toDoList/Pods-toDoList-frameworks.sh\"\n";
			showEnvVarsInLog = 0;
		};
/* End PBXShellScriptBuildPhase section */

/* Begin PBXSourcesBuildPhase section */
		04D4F6F825B0417A0028B716 /* Sources */ = {
			isa = PBXSourcesBuildPhase;
			buildActionMask = 2147483647;
			files = (
				046A309E25B6D6CF00967497 /* LoginViewController.swift in Sources */,
				046A309B25B6D6BA00967497 /* SignUpViewController.swift in Sources */,
				046A308E25B586D700967497 /* ListTableViewController.swift in Sources */,
				046A30C125BADFE200967497 /* ListRecord.swift in Sources */,
				046A30A125B6D6F800967497 /* ResetPasswordViewController.swift in Sources */,
				04D4F70025B0417A0028B716 /* AppDelegate.swift in Sources */,
				045B4BB725BC1D05007F0882 /* DetailTableViewController.swift in Sources */,
				04D4F70225B0417A0028B716 /* SceneDelegate.swift in Sources */,
				046A309525B5941900967497 /* ListTableViewCell.swift in Sources */,
			);
			runOnlyForDeploymentPostprocessing = 0;
		};
/* End PBXSourcesBuildPhase section */

/* Begin PBXVariantGroup section */
		04D4F70525B0417A0028B716 /* Main.storyboard */ = {
			isa = PBXVariantGroup;
			children = (
				04D4F70625B0417A0028B716 /* Base */,
			);
			name = Main.storyboard;
			sourceTree = "<group>";
		};
		04D4F70A25B0417C0028B716 /* LaunchScreen.storyboard */ = {
			isa = PBXVariantGroup;
			children = (
				04D4F70B25B0417C0028B716 /* Base */,
			);
			name = LaunchScreen.storyboard;
			sourceTree = "<group>";
		};
/* End PBXVariantGroup section */

/* Begin XCBuildConfiguration section */
		04D4F70E25B0417C0028B716 /* Debug */ = {
			isa = XCBuildConfiguration;
			buildSettings = {
				ALWAYS_SEARCH_USER_PATHS = NO;
				CLANG_ANALYZER_NONNULL = YES;
				CLANG_ANALYZER_NUMBER_OBJECT_CONVERSION = YES_AGGRESSIVE;
				CLANG_CXX_LANGUAGE_STANDARD = "gnu++14";
				CLANG_CXX_LIBRARY = "libc++";
				CLANG_ENABLE_MODULES = YES;
				CLANG_ENABLE_OBJC_ARC = YES;
				CLANG_ENABLE_OBJC_WEAK = YES;
				CLANG_WARN_BLOCK_CAPTURE_AUTORELEASING = YES;
				CLANG_WARN_BOOL_CONVERSION = YES;
				CLANG_WARN_COMMA = YES;
				CLANG_WARN_CONSTANT_CONVERSION = YES;
				CLANG_WARN_DEPRECATED_OBJC_IMPLEMENTATIONS = YES;
				CLANG_WARN_DIRECT_OBJC_ISA_USAGE = YES_ERROR;
				CLANG_WARN_DOCUMENTATION_COMMENTS = YES;
				CLANG_WARN_EMPTY_BODY = YES;
				CLANG_WARN_ENUM_CONVERSION = YES;
				CLANG_WARN_INFINITE_RECURSION = YES;
				CLANG_WARN_INT_CONVERSION = YES;
				CLANG_WARN_NON_LITERAL_NULL_CONVERSION = YES;
				CLANG_WARN_OBJC_IMPLICIT_RETAIN_SELF = YES;
				CLANG_WARN_OBJC_LITERAL_CONVERSION = YES;
				CLANG_WARN_OBJC_ROOT_CLASS = YES_ERROR;
				CLANG_WARN_QUOTED_INCLUDE_IN_FRAMEWORK_HEADER = YES;
				CLANG_WARN_RANGE_LOOP_ANALYSIS = YES;
				CLANG_WARN_STRICT_PROTOTYPES = YES;
				CLANG_WARN_SUSPICIOUS_MOVE = YES;
				CLANG_WARN_UNGUARDED_AVAILABILITY = YES_AGGRESSIVE;
				CLANG_WARN_UNREACHABLE_CODE = YES;
				CLANG_WARN__DUPLICATE_METHOD_MATCH = YES;
				COPY_PHASE_STRIP = NO;
				DEBUG_INFORMATION_FORMAT = dwarf;
				ENABLE_STRICT_OBJC_MSGSEND = YES;
				ENABLE_TESTABILITY = YES;
				GCC_C_LANGUAGE_STANDARD = gnu11;
				GCC_DYNAMIC_NO_PIC = NO;
				GCC_NO_COMMON_BLOCKS = YES;
				GCC_OPTIMIZATION_LEVEL = 0;
				GCC_PREPROCESSOR_DEFINITIONS = (
					"DEBUG=1",
					"$(inherited)",
				);
				GCC_WARN_64_TO_32_BIT_CONVERSION = YES;
				GCC_WARN_ABOUT_RETURN_TYPE = YES_ERROR;
				GCC_WARN_UNDECLARED_SELECTOR = YES;
				GCC_WARN_UNINITIALIZED_AUTOS = YES_AGGRESSIVE;
				GCC_WARN_UNUSED_FUNCTION = YES;
				GCC_WARN_UNUSED_VARIABLE = YES;
				IPHONEOS_DEPLOYMENT_TARGET = 14.1;
				MTL_ENABLE_DEBUG_INFO = INCLUDE_SOURCE;
				MTL_FAST_MATH = YES;
				ONLY_ACTIVE_ARCH = YES;
				SDKROOT = iphoneos;
				SWIFT_ACTIVE_COMPILATION_CONDITIONS = DEBUG;
				SWIFT_OPTIMIZATION_LEVEL = "-Onone";
			};
			name = Debug;
		};
		04D4F70F25B0417C0028B716 /* Release */ = {
			isa = XCBuildConfiguration;
			buildSettings = {
				ALWAYS_SEARCH_USER_PATHS = NO;
				CLANG_ANALYZER_NONNULL = YES;
				CLANG_ANALYZER_NUMBER_OBJECT_CONVERSION = YES_AGGRESSIVE;
				CLANG_CXX_LANGUAGE_STANDARD = "gnu++14";
				CLANG_CXX_LIBRARY = "libc++";
				CLANG_ENABLE_MODULES = YES;
				CLANG_ENABLE_OBJC_ARC = YES;
				CLANG_ENABLE_OBJC_WEAK = YES;
				CLANG_WARN_BLOCK_CAPTURE_AUTORELEASING = YES;
				CLANG_WARN_BOOL_CONVERSION = YES;
				CLANG_WARN_COMMA = YES;
				CLANG_WARN_CONSTANT_CONVERSION = YES;
				CLANG_WARN_DEPRECATED_OBJC_IMPLEMENTATIONS = YES;
				CLANG_WARN_DIRECT_OBJC_ISA_USAGE = YES_ERROR;
				CLANG_WARN_DOCUMENTATION_COMMENTS = YES;
				CLANG_WARN_EMPTY_BODY = YES;
				CLANG_WARN_ENUM_CONVERSION = YES;
				CLANG_WARN_INFINITE_RECURSION = YES;
				CLANG_WARN_INT_CONVERSION = YES;
				CLANG_WARN_NON_LITERAL_NULL_CONVERSION = YES;
				CLANG_WARN_OBJC_IMPLICIT_RETAIN_SELF = YES;
				CLANG_WARN_OBJC_LITERAL_CONVERSION = YES;
				CLANG_WARN_OBJC_ROOT_CLASS = YES_ERROR;
				CLANG_WARN_QUOTED_INCLUDE_IN_FRAMEWORK_HEADER = YES;
				CLANG_WARN_RANGE_LOOP_ANALYSIS = YES;
				CLANG_WARN_STRICT_PROTOTYPES = YES;
				CLANG_WARN_SUSPICIOUS_MOVE = YES;
				CLANG_WARN_UNGUARDED_AVAILABILITY = YES_AGGRESSIVE;
				CLANG_WARN_UNREACHABLE_CODE = YES;
				CLANG_WARN__DUPLICATE_METHOD_MATCH = YES;
				COPY_PHASE_STRIP = NO;
				DEBUG_INFORMATION_FORMAT = "dwarf-with-dsym";
				ENABLE_NS_ASSERTIONS = NO;
				ENABLE_STRICT_OBJC_MSGSEND = YES;
				GCC_C_LANGUAGE_STANDARD = gnu11;
				GCC_NO_COMMON_BLOCKS = YES;
				GCC_WARN_64_TO_32_BIT_CONVERSION = YES;
				GCC_WARN_ABOUT_RETURN_TYPE = YES_ERROR;
				GCC_WARN_UNDECLARED_SELECTOR = YES;
				GCC_WARN_UNINITIALIZED_AUTOS = YES_AGGRESSIVE;
				GCC_WARN_UNUSED_FUNCTION = YES;
				GCC_WARN_UNUSED_VARIABLE = YES;
				IPHONEOS_DEPLOYMENT_TARGET = 14.1;
				MTL_ENABLE_DEBUG_INFO = NO;
				MTL_FAST_MATH = YES;
				SDKROOT = iphoneos;
				SWIFT_COMPILATION_MODE = wholemodule;
				SWIFT_OPTIMIZATION_LEVEL = "-O";
				VALIDATE_PRODUCT = YES;
			};
			name = Release;
		};
		04D4F71125B0417C0028B716 /* Debug */ = {
			isa = XCBuildConfiguration;
			baseConfigurationReference = CC8E91B57A9EEF59C0471F35 /* Pods-toDoList.debug.xcconfig */;
			buildSettings = {
				ASSETCATALOG_COMPILER_APPICON_NAME = AppIcon;
				ASSETCATALOG_COMPILER_GLOBAL_ACCENT_COLOR_NAME = AccentColor;
				CODE_SIGN_STYLE = Automatic;
				DEVELOPMENT_TEAM = HY43SXZX9P;
				INFOPLIST_FILE = toDoList/Info.plist;
				LD_RUNPATH_SEARCH_PATHS = (
					"$(inherited)",
					"@executable_path/Frameworks",
				);
				PRODUCT_BUNDLE_IDENTIFIER = com.SerenaCheng.toDoList;
				PRODUCT_NAME = "$(TARGET_NAME)";
				SWIFT_VERSION = 5.0;
				TARGETED_DEVICE_FAMILY = "1,2";
			};
			name = Debug;
		};
		04D4F71225B0417C0028B716 /* Release */ = {
			isa = XCBuildConfiguration;
			baseConfigurationReference = 2080A653A05F2438FBBC6D2B /* Pods-toDoList.release.xcconfig */;
			buildSettings = {
				ASSETCATALOG_COMPILER_APPICON_NAME = AppIcon;
				ASSETCATALOG_COMPILER_GLOBAL_ACCENT_COLOR_NAME = AccentColor;
				CODE_SIGN_STYLE = Automatic;
				DEVELOPMENT_TEAM = HY43SXZX9P;
				INFOPLIST_FILE = toDoList/Info.plist;
				LD_RUNPATH_SEARCH_PATHS = (
					"$(inherited)",
					"@executable_path/Frameworks",
				);
				PRODUCT_BUNDLE_IDENTIFIER = com.SerenaCheng.toDoList;
				PRODUCT_NAME = "$(TARGET_NAME)";
				SWIFT_VERSION = 5.0;
				TARGETED_DEVICE_FAMILY = "1,2";
			};
			name = Release;
		};
/* End XCBuildConfiguration section */

/* Begin XCConfigurationList section */
		04D4F6F725B0417A0028B716 /* Build configuration list for PBXProject "toDoList" */ = {
			isa = XCConfigurationList;
			buildConfigurations = (
				04D4F70E25B0417C0028B716 /* Debug */,
				04D4F70F25B0417C0028B716 /* Release */,
			);
			defaultConfigurationIsVisible = 0;
			defaultConfigurationName = Release;
		};
		04D4F71025B0417C0028B716 /* Build configuration list for PBXNativeTarget "toDoList" */ = {
			isa = XCConfigurationList;
			buildConfigurations = (
				04D4F71125B0417C0028B716 /* Debug */,
				04D4F71225B0417C0028B716 /* Release */,
			);
			defaultConfigurationIsVisible = 0;
			defaultConfigurationName = Release;
		};
/* End XCConfigurationList section */
	};
	rootObject = 04D4F6F425B0417A0028B716 /* Project object */;
}
